
Microsoft Visual Studio Solution File, Format Version 12.00
# Visual Studio Version 16
VisualStudioVersion = 16.0.29613.14
MinimumVisualStudioVersion = 10.0.40219.1
Project("{FAE04EC0-301F-11D3-BF4B-00C04F79EFBC}") = "RazorPagesMovie", "RazorPagesMovie\RazorPagesMovie.csproj", "{1A6A59DE-AAF7-4068-805D-01A209E8CAEA}"
EndProject
Global
	GlobalSection(SolutionConfigurationPlatforms) = preSolution
		Debug|Any CPU = Debug|Any CPU
		Release|Any CPU = Release|Any CPU
	EndGlobalSection
	GlobalSection(ProjectConfigurationPlatforms) = postSolution
		{1A6A59DE-AAF7-4068-805D-01A209E8CAEA}.Debug|Any CPU.ActiveCfg = Debug|Any CPU
		{1A6A59DE-AAF7-4068-805D-01A209E8CAEA}.Debug|Any CPU.Build.0 = Debug|Any CPU
		{1A6A59DE-AAF7-4068-805D-01A209E8CAEA}.Release|Any CPU.ActiveCfg = Release|Any CPU
		{1A6A59DE-AAF7-4068-805D-01A209E8CAEA}.Release|Any CPU.Build.0 = Release|Any CPU
	EndGlobalSection
	GlobalSection(SolutionProperties) = preSolution
		HideSolutionNode = FALSE
	EndGlobalSection
	GlobalSection(ExtensibilityGlobals) = postSolution
		SolutionGuid = {7A8043D7-7B91-4FA8-8671-FFDA24EE7AF6}
	EndGlobalSection
EndGlobal
